
Microsoft Visual Studio Solution File, Format Version 12.00
# Visual Studio 15
VisualStudioVersion = 15.0.27004.2008
MinimumVisualStudioVersion = 10.0.40219.1
Project("{D954291E-2A0B-460D-934E-DC6B0785DB48}") = "Perudo", "Perudo\Perudo\Perudo.shproj", "{5DEA7D91-871D-4F78-9359-AB009A3EA3DF}"
EndProject
Project("{FAE04EC0-301F-11D3-BF4B-00C04F79EFBC}") = "Perudo.Android", "Perudo\Perudo.Android\Perudo.Android.csproj", "{784445A2-BD5F-4D10-B387-1E2FAE313053}"
EndProject
Project("{FAE04EC0-301F-11D3-BF4B-00C04F79EFBC}") = "Perudo.iOS", "Perudo\Perudo.iOS\Perudo.iOS.csproj", "{FD2B19E2-72B9-40D8-AF68-81DF2803FDC6}"
EndProject
Project("{FAE04EC0-301F-11D3-BF4B-00C04F79EFBC}") = "Perudo.UWP", "Perudo\Perudo.UWP\Perudo.UWP.csproj", "{84BD52CF-380E-4989-A13A-BB1BF22FAA10}"
EndProject
Global
	GlobalSection(SharedMSBuildProjectFiles) = preSolution
		Perudo\Perudo\Perudo.projitems*{5dea7d91-871d-4f78-9359-ab009a3ea3df}*SharedItemsImports = 13
		Perudo\Perudo\Perudo.projitems*{784445a2-bd5f-4d10-b387-1e2fae313053}*SharedItemsImports = 4
		Perudo\Perudo\Perudo.projitems*{84bd52cf-380e-4989-a13a-bb1bf22faa10}*SharedItemsImports = 4
		Perudo\Perudo\Perudo.projitems*{fd2b19e2-72b9-40d8-af68-81df2803fdc6}*SharedItemsImports = 4
	EndGlobalSection
	GlobalSection(SolutionConfigurationPlatforms) = preSolution
		Ad-Hoc|Any CPU = Ad-Hoc|Any CPU
		Ad-Hoc|ARM = Ad-Hoc|ARM
		Ad-Hoc|iPhone = Ad-Hoc|iPhone
		Ad-Hoc|iPhoneSimulator = Ad-Hoc|iPhoneSimulator
		Ad-Hoc|x64 = Ad-Hoc|x64
		Ad-Hoc|x86 = Ad-Hoc|x86
		android|Any CPU = android|Any CPU
		android|ARM = android|ARM
		android|iPhone = android|iPhone
		android|iPhoneSimulator = android|iPhoneSimulator
		android|x64 = android|x64
		android|x86 = android|x86
		AppStore|Any CPU = AppStore|Any CPU
		AppStore|ARM = AppStore|ARM
		AppStore|iPhone = AppStore|iPhone
		AppStore|iPhoneSimulator = AppStore|iPhoneSimulator
		AppStore|x64 = AppStore|x64
		AppStore|x86 = AppStore|x86
		Debug|Any CPU = Debug|Any CPU
		Debug|ARM = Debug|ARM
		Debug|iPhone = Debug|iPhone
		Debug|iPhoneSimulator = Debug|iPhoneSimulator
		Debug|x64 = Debug|x64
		Debug|x86 = Debug|x86
		Release|Any CPU = Release|Any CPU
		Release|ARM = Release|ARM
		Release|iPhone = Release|iPhone
		Release|iPhoneSimulator = Release|iPhoneSimulator
		Release|x64 = Release|x64
		Release|x86 = Release|x86
	EndGlobalSection
	GlobalSection(ProjectConfigurationPlatforms) = postSolution
		{784445A2-BD5F-4D10-B387-1E2FAE313053}.Ad-Hoc|Any CPU.ActiveCfg = Release|Any CPU
		{784445A2-BD5F-4D10-B387-1E2FAE313053}.Ad-Hoc|Any CPU.Build.0 = Release|Any CPU
		{784445A2-BD5F-4D10-B387-1E2FAE313053}.Ad-Hoc|Any CPU.Deploy.0 = Release|Any CPU
		{784445A2-BD5F-4D10-B387-1E2FAE313053}.Ad-Hoc|ARM.ActiveCfg = Release|Any CPU
		{784445A2-BD5F-4D10-B387-1E2FAE313053}.Ad-Hoc|ARM.Build.0 = Release|Any CPU
		{784445A2-BD5F-4D10-B387-1E2FAE313053}.Ad-Hoc|ARM.Deploy.0 = Release|Any CPU
		{784445A2-BD5F-4D10-B387-1E2FAE313053}.Ad-Hoc|iPhone.ActiveCfg = Release|Any CPU
		{784445A2-BD5F-4D10-B387-1E2FAE313053}.Ad-Hoc|iPhone.Build.0 = Release|Any CPU
		{784445A2-BD5F-4D10-B387-1E2FAE313053}.Ad-Hoc|iPhone.Deploy.0 = Release|Any CPU
		{784445A2-BD5F-4D10-B387-1E2FAE313053}.Ad-Hoc|iPhoneSimulator.ActiveCfg = Release|Any CPU
		{784445A2-BD5F-4D10-B387-1E2FAE313053}.Ad-Hoc|iPhoneSimulator.Build.0 = Release|Any CPU
		{784445A2-BD5F-4D10-B387-1E2FAE313053}.Ad-Hoc|iPhoneSimulator.Deploy.0 = Release|Any CPU
		{784445A2-BD5F-4D10-B387-1E2FAE313053}.Ad-Hoc|x64.ActiveCfg = Release|Any CPU
		{784445A2-BD5F-4D10-B387-1E2FAE313053}.Ad-Hoc|x64.Build.0 = Release|Any CPU
		{784445A2-BD5F-4D10-B387-1E2FAE313053}.Ad-Hoc|x64.Deploy.0 = Release|Any CPU
		{784445A2-BD5F-4D10-B387-1E2FAE313053}.Ad-Hoc|x86.ActiveCfg = Release|Any CPU
		{784445A2-BD5F-4D10-B387-1E2FAE313053}.Ad-Hoc|x86.Build.0 = Release|Any CPU
		{784445A2-BD5F-4D10-B387-1E2FAE313053}.Ad-Hoc|x86.Deploy.0 = Release|Any CPU
		{784445A2-BD5F-4D10-B387-1E2FAE313053}.android|Any CPU.ActiveCfg = android|Any CPU
		{784445A2-BD5F-4D10-B387-1E2FAE313053}.android|Any CPU.Build.0 = android|Any CPU
		{784445A2-BD5F-4D10-B387-1E2FAE313053}.android|Any CPU.Deploy.0 = android|Any CPU
		{784445A2-BD5F-4D10-B387-1E2FAE313053}.android|ARM.ActiveCfg = android|Any CPU
		{784445A2-BD5F-4D10-B387-1E2FAE313053}.android|ARM.Build.0 = android|Any CPU
		{784445A2-BD5F-4D10-B387-1E2FAE313053}.android|ARM.Deploy.0 = android|Any CPU
		{784445A2-BD5F-4D10-B387-1E2FAE313053}.android|iPhone.ActiveCfg = android|Any CPU
		{784445A2-BD5F-4D10-B387-1E2FAE313053}.android|iPhone.Build.0 = android|Any CPU
		{784445A2-BD5F-4D10-B387-1E2FAE313053}.android|iPhone.Deploy.0 = android|Any CPU
		{784445A2-BD5F-4D10-B387-1E2FAE313053}.android|iPhoneSimulator.ActiveCfg = android|Any CPU
		{784445A2-BD5F-4D10-B387-1E2FAE313053}.android|iPhoneSimulator.Build.0 = android|Any CPU
		{784445A2-BD5F-4D10-B387-1E2FAE313053}.android|iPhoneSimulator.Deploy.0 = android|Any CPU
		{784445A2-BD5F-4D10-B387-1E2FAE313053}.android|x64.ActiveCfg = android|Any CPU
		{784445A2-BD5F-4D10-B387-1E2FAE313053}.android|x64.Build.0 = android|Any CPU
		{784445A2-BD5F-4D10-B387-1E2FAE313053}.android|x64.Deploy.0 = android|Any CPU
		{784445A2-BD5F-4D10-B387-1E2FAE313053}.android|x86.ActiveCfg = android|Any CPU
		{784445A2-BD5F-4D10-B387-1E2FAE313053}.android|x86.Build.0 = android|Any CPU
		{784445A2-BD5F-4D10-B387-1E2FAE313053}.android|x86.Deploy.0 = android|Any CPU
		{784445A2-BD5F-4D10-B387-1E2FAE313053}.AppStore|Any CPU.ActiveCfg = Release|Any CPU
		{784445A2-BD5F-4D10-B387-1E2FAE313053}.AppStore|Any CPU.Build.0 = Release|Any CPU
		{784445A2-BD5F-4D10-B387-1E2FAE313053}.AppStore|Any CPU.Deploy.0 = Release|Any CPU
		{784445A2-BD5F-4D10-B387-1E2FAE313053}.AppStore|ARM.ActiveCfg = Release|Any CPU
		{784445A2-BD5F-4D10-B387-1E2FAE313053}.AppStore|ARM.Build.0 = Release|Any CPU
		{784445A2-BD5F-4D10-B387-1E2FAE313053}.AppStore|ARM.Deploy.0 = Release|Any CPU
		{784445A2-BD5F-4D10-B387-1E2FAE313053}.AppStore|iPhone.ActiveCfg = Release|Any CPU
		{784445A2-BD5F-4D10-B387-1E2FAE313053}.AppStore|iPhone.Build.0 = Release|Any CPU
		{784445A2-BD5F-4D10-B387-1E2FAE313053}.AppStore|iPhone.Deploy.0 = Release|Any CPU
		{784445A2-BD5F-4D10-B387-1E2FAE313053}.AppStore|iPhoneSimulator.ActiveCfg = Release|Any CPU
		{784445A2-BD5F-4D10-B387-1E2FAE313053}.AppStore|iPhoneSimulator.Build.0 = Release|Any CPU
		{784445A2-BD5F-4D10-B387-1E2FAE313053}.AppStore|iPhoneSimulator.Deploy.0 = Release|Any CPU
		{784445A2-BD5F-4D10-B387-1E2FAE313053}.AppStore|x64.ActiveCfg = Release|Any CPU
		{784445A2-BD5F-4D10-B387-1E2FAE313053}.AppStore|x64.Build.0 = Release|Any CPU
		{784445A2-BD5F-4D10-B387-1E2FAE313053}.AppStore|x64.Deploy.0 = Release|Any CPU
		{784445A2-BD5F-4D10-B387-1E2FAE313053}.AppStore|x86.ActiveCfg = Release|Any CPU
		{784445A2-BD5F-4D10-B387-1E2FAE313053}.AppStore|x86.Build.0 = Release|Any CPU
		{784445A2-BD5F-4D10-B387-1E2FAE313053}.AppStore|x86.Deploy.0 = Release|Any CPU
		{784445A2-BD5F-4D10-B387-1E2FAE313053}.Debug|Any CPU.ActiveCfg = Debug|Any CPU
		{784445A2-BD5F-4D10-B387-1E2FAE313053}.Debug|Any CPU.Build.0 = Debug|Any CPU
		{784445A2-BD5F-4D10-B387-1E2FAE313053}.Debug|Any CPU.Deploy.0 = Debug|Any CPU
		{784445A2-BD5F-4D10-B387-1E2FAE313053}.Debug|ARM.ActiveCfg = Debug|Any CPU
		{784445A2-BD5F-4D10-B387-1E2FAE313053}.Debug|ARM.Build.0 = Debug|Any CPU
		{784445A2-BD5F-4D10-B387-1E2FAE313053}.Debug|ARM.Deploy.0 = Debug|Any CPU
		{784445A2-BD5F-4D10-B387-1E2FAE313053}.Debug|iPhone.ActiveCfg = Debug|Any CPU
		{784445A2-BD5F-4D10-B387-1E2FAE313053}.Debug|iPhone.Build.0 = Debug|Any CPU
		{784445A2-BD5F-4D10-B387-1E2FAE313053}.Debug|iPhone.Deploy.0 = Debug|Any CPU
		{784445A2-BD5F-4D10-B387-1E2FAE313053}.Debug|iPhoneSimulator.ActiveCfg = Debug|Any CPU
		{784445A2-BD5F-4D10-B387-1E2FAE313053}.Debug|iPhoneSimulator.Build.0 = Debug|Any CPU
		{784445A2-BD5F-4D10-B387-1E2FAE313053}.Debug|iPhoneSimulator.Deploy.0 = Debug|Any CPU
		{784445A2-BD5F-4D10-B387-1E2FAE313053}.Debug|x64.ActiveCfg = Debug|Any CPU
		{784445A2-BD5F-4D10-B387-1E2FAE313053}.Debug|x64.Build.0 = Debug|Any CPU
		{784445A2-BD5F-4D10-B387-1E2FAE313053}.Debug|x64.Deploy.0 = Debug|Any CPU
		{784445A2-BD5F-4D10-B387-1E2FAE313053}.Debug|x86.ActiveCfg = Debug|Any CPU
		{784445A2-BD5F-4D10-B387-1E2FAE313053}.Debug|x86.Build.0 = Debug|Any CPU
		{784445A2-BD5F-4D10-B387-1E2FAE313053}.Debug|x86.Deploy.0 = Debug|Any CPU
		{784445A2-BD5F-4D10-B387-1E2FAE313053}.Release|Any CPU.ActiveCfg = Release|Any CPU
		{784445A2-BD5F-4D10-B387-1E2FAE313053}.Release|Any CPU.Build.0 = Release|Any CPU
		{784445A2-BD5F-4D10-B387-1E2FAE313053}.Release|Any CPU.Deploy.0 = Release|Any CPU
		{784445A2-BD5F-4D10-B387-1E2FAE313053}.Release|ARM.ActiveCfg = Release|Any CPU
		{784445A2-BD5F-4D10-B387-1E2FAE313053}.Release|ARM.Build.0 = Release|Any CPU
		{784445A2-BD5F-4D10-B387-1E2FAE313053}.Release|ARM.Deploy.0 = Release|Any CPU
		{784445A2-BD5F-4D10-B387-1E2FAE313053}.Release|iPhone.ActiveCfg = Release|Any CPU
		{784445A2-BD5F-4D10-B387-1E2FAE313053}.Release|iPhone.Build.0 = Release|Any CPU
		{784445A2-BD5F-4D10-B387-1E2FAE313053}.Release|iPhone.Deploy.0 = Release|Any CPU
		{784445A2-BD5F-4D10-B387-1E2FAE313053}.Release|iPhoneSimulator.ActiveCfg = Release|Any CPU
		{784445A2-BD5F-4D10-B387-1E2FAE313053}.Release|iPhoneSimulator.Build.0 = Release|Any CPU
		{784445A2-BD5F-4D10-B387-1E2FAE313053}.Release|iPhoneSimulator.Deploy.0 = Release|Any CPU
		{784445A2-BD5F-4D10-B387-1E2FAE313053}.Release|x64.ActiveCfg = Release|Any CPU
		{784445A2-BD5F-4D10-B387-1E2FAE313053}.Release|x64.Build.0 = Release|Any CPU
		{784445A2-BD5F-4D10-B387-1E2FAE313053}.Release|x64.Deploy.0 = Release|Any CPU
		{784445A2-BD5F-4D10-B387-1E2FAE313053}.Release|x86.ActiveCfg = Release|Any CPU
		{784445A2-BD5F-4D10-B387-1E2FAE313053}.Release|x86.Build.0 = Release|Any CPU
		{784445A2-BD5F-4D10-B387-1E2FAE313053}.Release|x86.Deploy.0 = Release|Any CPU
		{FD2B19E2-72B9-40D8-AF68-81DF2803FDC6}.Ad-Hoc|Any CPU.ActiveCfg = Ad-Hoc|iPhoneSimulator
		{FD2B19E2-72B9-40D8-AF68-81DF2803FDC6}.Ad-Hoc|ARM.ActiveCfg = Ad-Hoc|iPhone
		{FD2B19E2-72B9-40D8-AF68-81DF2803FDC6}.Ad-Hoc|iPhone.ActiveCfg = Ad-Hoc|iPhone
		{FD2B19E2-72B9-40D8-AF68-81DF2803FDC6}.Ad-Hoc|iPhone.Build.0 = Ad-Hoc|iPhone
		{FD2B19E2-72B9-40D8-AF68-81DF2803FDC6}.Ad-Hoc|iPhoneSimulator.ActiveCfg = Ad-Hoc|iPhoneSimulator
		{FD2B19E2-72B9-40D8-AF68-81DF2803FDC6}.Ad-Hoc|iPhoneSimulator.Build.0 = Ad-Hoc|iPhoneSimulator
		{FD2B19E2-72B9-40D8-AF68-81DF2803FDC6}.Ad-Hoc|x64.ActiveCfg = Ad-Hoc|iPhone
		{FD2B19E2-72B9-40D8-AF68-81DF2803FDC6}.Ad-Hoc|x86.ActiveCfg = Ad-Hoc|iPhone
		{FD2B19E2-72B9-40D8-AF68-81DF2803FDC6}.android|Any CPU.ActiveCfg = android|iPhone
		{FD2B19E2-72B9-40D8-AF68-81DF2803FDC6}.android|ARM.ActiveCfg = android|iPhone
		{FD2B19E2-72B9-40D8-AF68-81DF2803FDC6}.android|iPhone.ActiveCfg = android|iPhone
		{FD2B19E2-72B9-40D8-AF68-81DF2803FDC6}.android|iPhoneSimulator.ActiveCfg = android|iPhoneSimulator
		{FD2B19E2-72B9-40D8-AF68-81DF2803FDC6}.android|x64.ActiveCfg = android|iPhone
		{FD2B19E2-72B9-40D8-AF68-81DF2803FDC6}.android|x86.ActiveCfg = android|iPhone
		{FD2B19E2-72B9-40D8-AF68-81DF2803FDC6}.AppStore|Any CPU.ActiveCfg = AppStore|iPhoneSimulator
		{FD2B19E2-72B9-40D8-AF68-81DF2803FDC6}.AppStore|ARM.ActiveCfg = AppStore|iPhone
		{FD2B19E2-72B9-40D8-AF68-81DF2803FDC6}.AppStore|iPhone.ActiveCfg = AppStore|iPhone
		{FD2B19E2-72B9-40D8-AF68-81DF2803FDC6}.AppStore|iPhone.Build.0 = AppStore|iPhone
		{FD2B19E2-72B9-40D8-AF68-81DF2803FDC6}.AppStore|iPhoneSimulator.ActiveCfg = AppStore|iPhoneSimulator
		{FD2B19E2-72B9-40D8-AF68-81DF2803FDC6}.AppStore|iPhoneSimulator.Build.0 = AppStore|iPhoneSimulator
		{FD2B19E2-72B9-40D8-AF68-81DF2803FDC6}.AppStore|x64.ActiveCfg = AppStore|iPhone
		{FD2B19E2-72B9-40D8-AF68-81DF2803FDC6}.AppStore|x86.ActiveCfg = AppStore|iPhone
		{FD2B19E2-72B9-40D8-AF68-81DF2803FDC6}.Debug|Any CPU.ActiveCfg = Debug|iPhoneSimulator
		{FD2B19E2-72B9-40D8-AF68-81DF2803FDC6}.Debug|ARM.ActiveCfg = Debug|iPhone
		{FD2B19E2-72B9-40D8-AF68-81DF2803FDC6}.Debug|iPhone.ActiveCfg = Debug|iPhone
		{FD2B19E2-72B9-40D8-AF68-81DF2803FDC6}.Debug|iPhone.Build.0 = Debug|iPhone
		{FD2B19E2-72B9-40D8-AF68-81DF2803FDC6}.Debug|iPhoneSimulator.ActiveCfg = Debug|iPhoneSimulator
		{FD2B19E2-72B9-40D8-AF68-81DF2803FDC6}.Debug|iPhoneSimulator.Build.0 = Debug|iPhoneSimulator
		{FD2B19E2-72B9-40D8-AF68-81DF2803FDC6}.Debug|x64.ActiveCfg = Debug|iPhone
		{FD2B19E2-72B9-40D8-AF68-81DF2803FDC6}.Debug|x86.ActiveCfg = Debug|iPhone
		{FD2B19E2-72B9-40D8-AF68-81DF2803FDC6}.Release|Any CPU.ActiveCfg = Release|iPhoneSimulator
		{FD2B19E2-72B9-40D8-AF68-81DF2803FDC6}.Release|ARM.ActiveCfg = Release|iPhone
		{FD2B19E2-72B9-40D8-AF68-81DF2803FDC6}.Release|iPhone.ActiveCfg = Release|iPhone
		{FD2B19E2-72B9-40D8-AF68-81DF2803FDC6}.Release|iPhone.Build.0 = Release|iPhone
		{FD2B19E2-72B9-40D8-AF68-81DF2803FDC6}.Release|iPhoneSimulator.ActiveCfg = Release|iPhoneSimulator
		{FD2B19E2-72B9-40D8-AF68-81DF2803FDC6}.Release|iPhoneSimulator.Build.0 = Release|iPhoneSimulator
		{FD2B19E2-72B9-40D8-AF68-81DF2803FDC6}.Release|x64.ActiveCfg = Release|iPhone
		{FD2B19E2-72B9-40D8-AF68-81DF2803FDC6}.Release|x86.ActiveCfg = Release|iPhone
		{84BD52CF-380E-4989-A13A-BB1BF22FAA10}.Ad-Hoc|Any CPU.ActiveCfg = Release|x86
		{84BD52CF-380E-4989-A13A-BB1BF22FAA10}.Ad-Hoc|Any CPU.Build.0 = Release|x86
		{84BD52CF-380E-4989-A13A-BB1BF22FAA10}.Ad-Hoc|Any CPU.Deploy.0 = Release|x86
		{84BD52CF-380E-4989-A13A-BB1BF22FAA10}.Ad-Hoc|ARM.ActiveCfg = Release|ARM
		{84BD52CF-380E-4989-A13A-BB1BF22FAA10}.Ad-Hoc|ARM.Build.0 = Release|ARM
		{84BD52CF-380E-4989-A13A-BB1BF22FAA10}.Ad-Hoc|ARM.Deploy.0 = Release|ARM
		{84BD52CF-380E-4989-A13A-BB1BF22FAA10}.Ad-Hoc|iPhone.ActiveCfg = Release|x86
		{84BD52CF-380E-4989-A13A-BB1BF22FAA10}.Ad-Hoc|iPhone.Build.0 = Release|x86
		{84BD52CF-380E-4989-A13A-BB1BF22FAA10}.Ad-Hoc|iPhone.Deploy.0 = Release|x86
		{84BD52CF-380E-4989-A13A-BB1BF22FAA10}.Ad-Hoc|iPhoneSimulator.ActiveCfg = Release|x86
		{84BD52CF-380E-4989-A13A-BB1BF22FAA10}.Ad-Hoc|iPhoneSimulator.Build.0 = Release|x86
		{84BD52CF-380E-4989-A13A-BB1BF22FAA10}.Ad-Hoc|iPhoneSimulator.Deploy.0 = Release|x86
		{84BD52CF-380E-4989-A13A-BB1BF22FAA10}.Ad-Hoc|x64.ActiveCfg = Release|x64
		{84BD52CF-380E-4989-A13A-BB1BF22FAA10}.Ad-Hoc|x64.Build.0 = Release|x64
		{84BD52CF-380E-4989-A13A-BB1BF22FAA10}.Ad-Hoc|x64.Deploy.0 = Release|x64
		{84BD52CF-380E-4989-A13A-BB1BF22FAA10}.Ad-Hoc|x86.ActiveCfg = Release|x86
		{84BD52CF-380E-4989-A13A-BB1BF22FAA10}.Ad-Hoc|x86.Build.0 = Release|x86
		{84BD52CF-380E-4989-A13A-BB1BF22FAA10}.Ad-Hoc|x86.Deploy.0 = Release|x86
		{84BD52CF-380E-4989-A13A-BB1BF22FAA10}.android|Any CPU.ActiveCfg = android|x86
		{84BD52CF-380E-4989-A13A-BB1BF22FAA10}.android|ARM.ActiveCfg = android|ARM
		{84BD52CF-380E-4989-A13A-BB1BF22FAA10}.android|iPhone.ActiveCfg = android|x86
		{84BD52CF-380E-4989-A13A-BB1BF22FAA10}.android|iPhoneSimulator.ActiveCfg = android|x86
		{84BD52CF-380E-4989-A13A-BB1BF22FAA10}.android|x64.ActiveCfg = android|x64
		{84BD52CF-380E-4989-A13A-BB1BF22FAA10}.android|x64.Deploy.0 = android|x64
		{84BD52CF-380E-4989-A13A-BB1BF22FAA10}.android|x86.ActiveCfg = android|x86
		{84BD52CF-380E-4989-A13A-BB1BF22FAA10}.android|x86.Deploy.0 = android|x86
		{84BD52CF-380E-4989-A13A-BB1BF22FAA10}.AppStore|Any CPU.ActiveCfg = Release|x86
		{84BD52CF-380E-4989-A13A-BB1BF22FAA10}.AppStore|Any CPU.Build.0 = Release|x86
		{84BD52CF-380E-4989-A13A-BB1BF22FAA10}.AppStore|Any CPU.Deploy.0 = Release|x86
		{84BD52CF-380E-4989-A13A-BB1BF22FAA10}.AppStore|ARM.ActiveCfg = Release|ARM
		{84BD52CF-380E-4989-A13A-BB1BF22FAA10}.AppStore|ARM.Build.0 = Release|ARM
		{84BD52CF-380E-4989-A13A-BB1BF22FAA10}.AppStore|ARM.Deploy.0 = Release|ARM
		{84BD52CF-380E-4989-A13A-BB1BF22FAA10}.AppStore|iPhone.ActiveCfg = Release|x86
		{84BD52CF-380E-4989-A13A-BB1BF22FAA10}.AppStore|iPhone.Build.0 = Release|x86
		{84BD52CF-380E-4989-A13A-BB1BF22FAA10}.AppStore|iPhone.Deploy.0 = Release|x86
		{84BD52CF-380E-4989-A13A-BB1BF22FAA10}.AppStore|iPhoneSimulator.ActiveCfg = Release|x86
		{84BD52CF-380E-4989-A13A-BB1BF22FAA10}.AppStore|iPhoneSimulator.Build.0 = Release|x86
		{84BD52CF-380E-4989-A13A-BB1BF22FAA10}.AppStore|iPhoneSimulator.Deploy.0 = Release|x86
		{84BD52CF-380E-4989-A13A-BB1BF22FAA10}.AppStore|x64.ActiveCfg = Release|x64
		{84BD52CF-380E-4989-A13A-BB1BF22FAA10}.AppStore|x64.Build.0 = Release|x64
		{84BD52CF-380E-4989-A13A-BB1BF22FAA10}.AppStore|x64.Deploy.0 = Release|x64
		{84BD52CF-380E-4989-A13A-BB1BF22FAA10}.AppStore|x86.ActiveCfg = Release|x86
		{84BD52CF-380E-4989-A13A-BB1BF22FAA10}.AppStore|x86.Build.0 = Release|x86
		{84BD52CF-380E-4989-A13A-BB1BF22FAA10}.AppStore|x86.Deploy.0 = Release|x86
		{84BD52CF-380E-4989-A13A-BB1BF22FAA10}.Debug|Any CPU.ActiveCfg = Debug|x86
		{84BD52CF-380E-4989-A13A-BB1BF22FAA10}.Debug|ARM.ActiveCfg = Debug|ARM
		{84BD52CF-380E-4989-A13A-BB1BF22FAA10}.Debug|iPhone.ActiveCfg = Debug|x86
		{84BD52CF-380E-4989-A13A-BB1BF22FAA10}.Debug|iPhoneSimulator.ActiveCfg = Debug|x86
		{84BD52CF-380E-4989-A13A-BB1BF22FAA10}.Debug|x64.ActiveCfg = Debug|x64
		{84BD52CF-380E-4989-A13A-BB1BF22FAA10}.Debug|x64.Build.0 = Debug|x64
		{84BD52CF-380E-4989-A13A-BB1BF22FAA10}.Debug|x64.Deploy.0 = Debug|x64
		{84BD52CF-380E-4989-A13A-BB1BF22FAA10}.Debug|x86.ActiveCfg = Debug|x86
		{84BD52CF-380E-4989-A13A-BB1BF22FAA10}.Debug|x86.Build.0 = Debug|x86
		{84BD52CF-380E-4989-A13A-BB1BF22FAA10}.Debug|x86.Deploy.0 = Debug|x86
		{84BD52CF-380E-4989-A13A-BB1BF22FAA10}.Release|Any CPU.ActiveCfg = Release|x86
		{84BD52CF-380E-4989-A13A-BB1BF22FAA10}.Release|ARM.ActiveCfg = Release|ARM
		{84BD52CF-380E-4989-A13A-BB1BF22FAA10}.Release|ARM.Build.0 = Release|ARM
		{84BD52CF-380E-4989-A13A-BB1BF22FAA10}.Release|ARM.Deploy.0 = Release|ARM
		{84BD52CF-380E-4989-A13A-BB1BF22FAA10}.Release|iPhone.ActiveCfg = Release|x86
		{84BD52CF-380E-4989-A13A-BB1BF22FAA10}.Release|iPhoneSimulator.ActiveCfg = Release|x86
		{84BD52CF-380E-4989-A13A-BB1BF22FAA10}.Release|x64.ActiveCfg = Release|x64
		{84BD52CF-380E-4989-A13A-BB1BF22FAA10}.Release|x64.Build.0 = Release|x64
		{84BD52CF-380E-4989-A13A-BB1BF22FAA10}.Release|x64.Deploy.0 = Release|x64
		{84BD52CF-380E-4989-A13A-BB1BF22FAA10}.Release|x86.ActiveCfg = Release|x86
		{84BD52CF-380E-4989-A13A-BB1BF22FAA10}.Release|x86.Build.0 = Release|x86
		{84BD52CF-380E-4989-A13A-BB1BF22FAA10}.Release|x86.Deploy.0 = Release|x86
	EndGlobalSection
	GlobalSection(SolutionProperties) = preSolution
		HideSolutionNode = FALSE
	EndGlobalSection
	GlobalSection(ExtensibilityGlobals) = postSolution
		SolutionGuid = {53C1F732-A94C-41AC-97E1-32BB724A04AC}
	EndGlobalSection
EndGlobal
